// !$*UTF8*$!
{
	archiveVersion = 1;
	classes = {
	};
	objectVersion = 48;
	objects = {

/* Begin PBXBuildFile section */
		359C5A51205D792B00652D2A /* AppDelegate.m in Sources */ = {isa = PBXBuildFile; fileRef = 359C5A50205D792B00652D2A /* AppDelegate.m */; };
		359C5A5C205D792B00652D2A /* LaunchScreen.storyboard in Resources */ = {isa = PBXBuildFile; fileRef = 359C5A5A205D792B00652D2A /* LaunchScreen.storyboard */; };
		359C5A5F205D792B00652D2A /* main.m in Sources */ = {isa = PBXBuildFile; fileRef = 359C5A5E205D792B00652D2A /* main.m */; };
		359C5A6E2061FF8C00652D2A /* RootViewController.mm in Sources */ = {isa = PBXBuildFile; fileRef = 359C5A6D2061FF8C00652D2A /* RootViewController.mm */; };
		359C5A72206200B600652D2A /* SGEAGLView.mm in Sources */ = {isa = PBXBuildFile; fileRef = 359C5A71206200B600652D2A /* SGEAGLView.mm */; };
		359C5A752062017500652D2A /* AppController.mm in Sources */ = {isa = PBXBuildFile; fileRef = 359C5A742062017500652D2A /* AppController.mm */; };
		359C5A7920620B4700652D2A /* SGDirector.cpp in Sources */ = {isa = PBXBuildFile; fileRef = 359C5A7720620B4700652D2A /* SGDirector.cpp */; };
		359C5A7E20621F8700652D2A /* SGGLView.mm in Sources */ = {isa = PBXBuildFile; fileRef = 359C5A7C20621F8700652D2A /* SGGLView.mm */; };
		359C5A8520624CE300652D2A /* SGApplication.mm in Sources */ = {isa = PBXBuildFile; fileRef = 359C5A8320624CE300652D2A /* SGApplication.mm */; };
		359C5A882062515200652D2A /* SGDirectorCaller.mm in Sources */ = {isa = PBXBuildFile; fileRef = 359C5A872062515200652D2A /* SGDirectorCaller.mm */; };
		35C4144D2084FD630016931D /* AppDelegate.cpp in Sources */ = {isa = PBXBuildFile; fileRef = 35C4144B2084FD630016931D /* AppDelegate.cpp */; };
		FD4BA6DC208F3E2100BE3711 /* SGShaderPositionAndColor.cpp in Sources */ = {isa = PBXBuildFile; fileRef = FD4BA6DA208F3E2100BE3711 /* SGShaderPositionAndColor.cpp */; };
		FD4BA6E3209029CC00BE3711 /* SGShaderVertexColor.cpp in Sources */ = {isa = PBXBuildFile; fileRef = FD4BA6E1209029CC00BE3711 /* SGShaderVertexColor.cpp */; };
		FD4BA6EB20906CE000BE3711 /* SGShaderTexture2D.cpp in Sources */ = {isa = PBXBuildFile; fileRef = FD4BA6E920906CE000BE3711 /* SGShaderTexture2D.cpp */; };
		FD4BA6F32090A78000BE3711 /* SGRawImage.mm in Sources */ = {isa = PBXBuildFile; fileRef = FD4BA6F12090A78000BE3711 /* SGRawImage.mm */; };
		FD4BA6F720915F9100BE3711 /* Assets in Resources */ = {isa = PBXBuildFile; fileRef = FD4BA6F620915F9100BE3711 /* Assets */; };
		FD4BA6FD2091A7D100BE3711 /* libpng.a in Frameworks */ = {isa = PBXBuildFile; fileRef = FD4BA6FC2091A7D100BE3711 /* libpng.a */; };
		FD4BA7072091CADF00BE3711 /* libz.a in Frameworks */ = {isa = PBXBuildFile; fileRef = FD4BA7062091CADF00BE3711 /* libz.a */; };
		FD4BA70D2091FAD000BE3711 /* SGSprite.cpp in Sources */ = {isa = PBXBuildFile; fileRef = FD4BA70B2091FAD000BE3711 /* SGSprite.cpp */; };
		FD4BA7142098462600BE3711 /* SGShaderMaskTexture.cpp in Sources */ = {isa = PBXBuildFile; fileRef = FD4BA7122098462600BE3711 /* SGShaderMaskTexture.cpp */; };
		FD4BA7172098518F00BE3711 /* SGSpriteMask.cpp in Sources */ = {isa = PBXBuildFile; fileRef = FD4BA7152098518F00BE3711 /* SGSpriteMask.cpp */; };
		FD4BA71A20A0249800BE3711 /* SGSpriteCache.cpp in Sources */ = {isa = PBXBuildFile; fileRef = FD4BA71820A0249800BE3711 /* SGSpriteCache.cpp */; };
		FD4BA71D20A0282900BE3711 /* SGTexture2D.cpp in Sources */ = {isa = PBXBuildFile; fileRef = FD4BA71B20A0282900BE3711 /* SGTexture2D.cpp */; };
		FD59DF912060ECBD005EF629 /* QuartzCore.framework in Frameworks */ = {isa = PBXBuildFile; fileRef = FD59DF902060ECBD005EF629 /* QuartzCore.framework */; };
		FD59DF932060ECC5005EF629 /* OpenGLES.framework in Frameworks */ = {isa = PBXBuildFile; fileRef = FD59DF922060ECC5005EF629 /* OpenGLES.framework */; };
		FD809D8820976FFB000290D5 /* Default-568h@2x.png in Resources */ = {isa = PBXBuildFile; fileRef = FD809D8720976FFB000290D5 /* Default-568h@2x.png */; };
		FD855C6B20A03926009D6529 /* SGVertex.cpp in Sources */ = {isa = PBXBuildFile; fileRef = FD855C6A20A03926009D6529 /* SGVertex.cpp */; };
		FD855C7420A46208009D6529 /* SGShaderTexture2DMatrix.cpp in Sources */ = {isa = PBXBuildFile; fileRef = FD855C7220A46208009D6529 /* SGShaderTexture2DMatrix.cpp */; };
		FDEC439C207F6A7900BD059F /* SGRenderer.cpp in Sources */ = {isa = PBXBuildFile; fileRef = FDEC439A207F6A7900BD059F /* SGRenderer.cpp */; };
		FDEC43D92085AA7F00BD059F /* SGBaseScene.cpp in Sources */ = {isa = PBXBuildFile; fileRef = FDEC43D72085AA7F00BD059F /* SGBaseScene.cpp */; };
		FDEC43DD2085ABDF00BD059F /* HelloScene.cpp in Sources */ = {isa = PBXBuildFile; fileRef = FDEC43DB2085ABDF00BD059F /* HelloScene.cpp */; };
		FDEC43E02085AF1100BD059F /* SGNode.cpp in Sources */ = {isa = PBXBuildFile; fileRef = FDEC43DE2085AF1100BD059F /* SGNode.cpp */; };
		FDEC43E32085C84A00BD059F /* SGConsole.cpp in Sources */ = {isa = PBXBuildFile; fileRef = FDEC43E12085C84A00BD059F /* SGConsole.cpp */; };
		FDEC43E72085EA4200BD059F /* SGPrimitives.cpp in Sources */ = {isa = PBXBuildFile; fileRef = FDEC43E52085EA4200BD059F /* SGPrimitives.cpp */; };
		FDEC43F620872BB000BD059F /* SGColor.cpp in Sources */ = {isa = PBXBuildFile; fileRef = FDEC43F520872BB000BD059F /* SGColor.cpp */; };
		FDEC43F820872E5E00BD059F /* SGGeometry.cpp in Sources */ = {isa = PBXBuildFile; fileRef = FDEC43F720872E5E00BD059F /* SGGeometry.cpp */; };
		FDEC43FB20874D0D00BD059F /* SGShaderManager.cpp in Sources */ = {isa = PBXBuildFile; fileRef = FDEC43F920874D0D00BD059F /* SGShaderManager.cpp */; };
		FDEC43FE2087514900BD059F /* SGShaderProgram.cpp in Sources */ = {isa = PBXBuildFile; fileRef = FDEC43FC2087514900BD059F /* SGShaderProgram.cpp */; };
		FDEC440120875F9F00BD059F /* SGFileUtils.cpp in Sources */ = {isa = PBXBuildFile; fileRef = FDEC43FF20875F9F00BD059F /* SGFileUtils.cpp */; };
/* End PBXBuildFile section */

/* Begin PBXFileReference section */
		359C5A4C205D792B00652D2A /* SimpleGameEngine.app */ = {isa = PBXFileReference; explicitFileType = wrapper.application; includeInIndex = 0; path = SimpleGameEngine.app; sourceTree = BUILT_PRODUCTS_DIR; };
		359C5A4F205D792B00652D2A /* AppDelegate.h */ = {isa = PBXFileReference; lastKnownFileType = sourcecode.c.h; path = AppDelegate.h; sourceTree = "<group>"; };
		359C5A50205D792B00652D2A /* AppDelegate.m */ = {isa = PBXFileReference; lastKnownFileType = sourcecode.c.objc; path = AppDelegate.m; sourceTree = "<group>"; };
		359C5A5B205D792B00652D2A /* Base */ = {isa = PBXFileReference; lastKnownFileType = file.storyboard; name = Base; path = Base.lproj/LaunchScreen.storyboard; sourceTree = "<group>"; };
		359C5A5D205D792B00652D2A /* Info.plist */ = {isa = PBXFileReference; lastKnownFileType = text.plist.xml; path = Info.plist; sourceTree = "<group>"; };
		359C5A5E205D792B00652D2A /* main.m */ = {isa = PBXFileReference; lastKnownFileType = sourcecode.c.objc; path = main.m; sourceTree = "<group>"; };
		359C5A6C2061FF8C00652D2A /* RootViewController.h */ = {isa = PBXFileReference; lastKnownFileType = sourcecode.c.h; path = RootViewController.h; sourceTree = "<group>"; };
		359C5A6D2061FF8C00652D2A /* RootViewController.mm */ = {isa = PBXFileReference; lastKnownFileType = sourcecode.cpp.objcpp; path = RootViewController.mm; sourceTree = "<group>"; };
		359C5A70206200B600652D2A /* SGEAGLView.h */ = {isa = PBXFileReference; lastKnownFileType = sourcecode.c.h; path = SGEAGLView.h; sourceTree = "<group>"; };
		359C5A71206200B600652D2A /* SGEAGLView.mm */ = {isa = PBXFileReference; lastKnownFileType = sourcecode.cpp.objcpp; path = SGEAGLView.mm; sourceTree = "<group>"; };
		359C5A732062017500652D2A /* AppController.h */ = {isa = PBXFileReference; lastKnownFileType = sourcecode.c.h; path = AppController.h; sourceTree = "<group>"; };
		359C5A742062017500652D2A /* AppController.mm */ = {isa = PBXFileReference; lastKnownFileType = sourcecode.cpp.objcpp; path = AppController.mm; sourceTree = "<group>"; };
		359C5A7720620B4700652D2A /* SGDirector.cpp */ = {isa = PBXFileReference; lastKnownFileType = sourcecode.cpp.cpp; path = SGDirector.cpp; sourceTree = "<group>"; };
		359C5A7820620B4700652D2A /* SGDirector.hpp */ = {isa = PBXFileReference; lastKnownFileType = sourcecode.cpp.h; path = SGDirector.hpp; sourceTree = "<group>"; };
		359C5A7C20621F8700652D2A /* SGGLView.mm */ = {isa = PBXFileReference; lastKnownFileType = sourcecode.cpp.objcpp; path = SGGLView.mm; sourceTree = "<group>"; };
		359C5A7D20621F8700652D2A /* SGGLView.h */ = {isa = PBXFileReference; lastKnownFileType = sourcecode.c.h; path = SGGLView.h; sourceTree = "<group>"; };
		359C5A8320624CE300652D2A /* SGApplication.mm */ = {isa = PBXFileReference; lastKnownFileType = sourcecode.cpp.objcpp; path = SGApplication.mm; sourceTree = "<group>"; };
		359C5A8420624CE300652D2A /* SGApplication.hpp */ = {isa = PBXFileReference; lastKnownFileType = sourcecode.cpp.h; path = SGApplication.hpp; sourceTree = "<group>"; };
		359C5A862062515200652D2A /* SGDirectorCaller.h */ = {isa = PBXFileReference; lastKnownFileType = sourcecode.c.h; path = SGDirectorCaller.h; sourceTree = "<group>"; };
		359C5A872062515200652D2A /* SGDirectorCaller.mm */ = {isa = PBXFileReference; lastKnownFileType = sourcecode.cpp.objcpp; path = SGDirectorCaller.mm; sourceTree = "<group>"; };
		35C4144B2084FD630016931D /* AppDelegate.cpp */ = {isa = PBXFileReference; lastKnownFileType = sourcecode.cpp.cpp; path = AppDelegate.cpp; sourceTree = "<group>"; };
		35C4144C2084FD630016931D /* AppDelegate.hpp */ = {isa = PBXFileReference; lastKnownFileType = sourcecode.cpp.h; path = AppDelegate.hpp; sourceTree = "<group>"; };
		84D3A7912088E65400594439 /* ShaderPosition.vert */ = {isa = PBXFileReference; explicitFileType = sourcecode.glsl; path = ShaderPosition.vert; sourceTree = "<group>"; };
		FD4BA6DA208F3E2100BE3711 /* SGShaderPositionAndColor.cpp */ = {isa = PBXFileReference; lastKnownFileType = sourcecode.cpp.cpp; path = SGShaderPositionAndColor.cpp; sourceTree = "<group>"; };
		FD4BA6DB208F3E2100BE3711 /* SGShaderPositionAndColor.hpp */ = {isa = PBXFileReference; lastKnownFileType = sourcecode.cpp.h; path = SGShaderPositionAndColor.hpp; sourceTree = "<group>"; };
		FD4BA6DD2090281700BE3711 /* ShaderVertexColor.vert */ = {isa = PBXFileReference; explicitFileType = sourcecode.glsl; path = ShaderVertexColor.vert; sourceTree = "<group>"; };
		FD4BA6DF209028DE00BE3711 /* ShaderVertexColor.frag */ = {isa = PBXFileReference; explicitFileType = sourcecode.glsl; path = ShaderVertexColor.frag; sourceTree = "<group>"; };
		FD4BA6E1209029CC00BE3711 /* SGShaderVertexColor.cpp */ = {isa = PBXFileReference; lastKnownFileType = sourcecode.cpp.cpp; path = SGShaderVertexColor.cpp; sourceTree = "<group>"; };
		FD4BA6E2209029CC00BE3711 /* SGShaderVertexColor.hpp */ = {isa = PBXFileReference; lastKnownFileType = sourcecode.cpp.h; path = SGShaderVertexColor.hpp; sourceTree = "<group>"; };
		FD4BA6E4209037AF00BE3711 /* SGVertex.h */ = {isa = PBXFileReference; lastKnownFileType = sourcecode.c.h; path = SGVertex.h; sourceTree = "<group>"; };
		FD4BA6E520906B7A00BE3711 /* ShaderTexture2D.vert */ = {isa = PBXFileReference; explicitFileType = sourcecode.glsl; path = ShaderTexture2D.vert; sourceTree = "<group>"; };
		FD4BA6E720906C2D00BE3711 /* ShaderTexture2D.frag */ = {isa = PBXFileReference; explicitFileType = sourcecode.glsl; path = ShaderTexture2D.frag; sourceTree = "<group>"; };
		FD4BA6E920906CE000BE3711 /* SGShaderTexture2D.cpp */ = {isa = PBXFileReference; lastKnownFileType = sourcecode.cpp.cpp; path = SGShaderTexture2D.cpp; sourceTree = "<group>"; };
		FD4BA6EA20906CE000BE3711 /* SGShaderTexture2D.hpp */ = {isa = PBXFileReference; lastKnownFileType = sourcecode.cpp.h; path = SGShaderTexture2D.hpp; sourceTree = "<group>"; };
		FD4BA6F12090A78000BE3711 /* SGRawImage.mm */ = {isa = PBXFileReference; lastKnownFileType = sourcecode.cpp.objcpp; path = SGRawImage.mm; sourceTree = "<group>"; };
		FD4BA6F22090A78000BE3711 /* SGRawImage.hpp */ = {isa = PBXFileReference; lastKnownFileType = sourcecode.cpp.h; path = SGRawImage.hpp; sourceTree = "<group>"; };
		FD4BA6F620915F9100BE3711 /* Assets */ = {isa = PBXFileReference; lastKnownFileType = folder; path = Assets; sourceTree = "<group>"; };
		FD4BA6FC2091A7D100BE3711 /* libpng.a */ = {isa = PBXFileReference; lastKnownFileType = archive.ar; path = libpng.a; sourceTree = "<group>"; };
		FD4BA6FF2091A7FA00BE3711 /* png.h */ = {isa = PBXFileReference; lastKnownFileType = sourcecode.c.h; path = png.h; sourceTree = "<group>"; };
		FD4BA7002091A7FA00BE3711 /* pngconf.h */ = {isa = PBXFileReference; lastKnownFileType = sourcecode.c.h; path = pngconf.h; sourceTree = "<group>"; };
		FD4BA7012091A7FA00BE3711 /* pnglibconf.h */ = {isa = PBXFileReference; lastKnownFileType = sourcecode.c.h; path = pnglibconf.h; sourceTree = "<group>"; };
		FD4BA7062091CADF00BE3711 /* libz.a */ = {isa = PBXFileReference; lastKnownFileType = archive.ar; path = libz.a; sourceTree = "<group>"; };
		FD4BA70B2091FAD000BE3711 /* SGSprite.cpp */ = {isa = PBXFileReference; lastKnownFileType = sourcecode.cpp.cpp; path = SGSprite.cpp; sourceTree = "<group>"; };
		FD4BA70C2091FAD000BE3711 /* SGSprite.hpp */ = {isa = PBXFileReference; lastKnownFileType = sourcecode.cpp.h; path = SGSprite.hpp; sourceTree = "<group>"; };
		FD4BA70E2098425F00BE3711 /* ShaderMaskTexture.vert */ = {isa = PBXFileReference; explicitFileType = sourcecode.glsl; path = ShaderMaskTexture.vert; sourceTree = "<group>"; };
		FD4BA7102098427900BE3711 /* ShaderMaskTexture.frag */ = {isa = PBXFileReference; explicitFileType = sourcecode.glsl; path = ShaderMaskTexture.frag; sourceTree = "<group>"; };
		FD4BA7122098462600BE3711 /* SGShaderMaskTexture.cpp */ = {isa = PBXFileReference; lastKnownFileType = sourcecode.cpp.cpp; path = SGShaderMaskTexture.cpp; sourceTree = "<group>"; };
		FD4BA7132098462600BE3711 /* SGShaderMaskTexture.hpp */ = {isa = PBXFileReference; lastKnownFileType = sourcecode.cpp.h; path = SGShaderMaskTexture.hpp; sourceTree = "<group>"; };
		FD4BA7152098518F00BE3711 /* SGSpriteMask.cpp */ = {isa = PBXFileReference; lastKnownFileType = sourcecode.cpp.cpp; path = SGSpriteMask.cpp; sourceTree = "<group>"; };
		FD4BA7162098518F00BE3711 /* SGSpriteMask.hpp */ = {isa = PBXFileReference; lastKnownFileType = sourcecode.cpp.h; path = SGSpriteMask.hpp; sourceTree = "<group>"; };
		FD4BA71820A0249800BE3711 /* SGSpriteCache.cpp */ = {isa = PBXFileReference; lastKnownFileType = sourcecode.cpp.cpp; path = SGSpriteCache.cpp; sourceTree = "<group>"; };
		FD4BA71920A0249800BE3711 /* SGSpriteCache.hpp */ = {isa = PBXFileReference; lastKnownFileType = sourcecode.cpp.h; path = SGSpriteCache.hpp; sourceTree = "<group>"; };
		FD4BA71B20A0282900BE3711 /* SGTexture2D.cpp */ = {isa = PBXFileReference; lastKnownFileType = sourcecode.cpp.cpp; path = SGTexture2D.cpp; sourceTree = "<group>"; };
		FD4BA71C20A0282900BE3711 /* SGTexture2D.hpp */ = {isa = PBXFileReference; lastKnownFileType = sourcecode.cpp.h; path = SGTexture2D.hpp; sourceTree = "<group>"; };
		FD59DF902060ECBD005EF629 /* QuartzCore.framework */ = {isa = PBXFileReference; lastKnownFileType = wrapper.framework; name = QuartzCore.framework; path = System/Library/Frameworks/QuartzCore.framework; sourceTree = SDKROOT; };
		FD59DF922060ECC5005EF629 /* OpenGLES.framework */ = {isa = PBXFileReference; lastKnownFileType = wrapper.framework; name = OpenGLES.framework; path = System/Library/Frameworks/OpenGLES.framework; sourceTree = SDKROOT; };
		FD809D8720976FFB000290D5 /* Default-568h@2x.png */ = {isa = PBXFileReference; lastKnownFileType = image.png; path = "Default-568h@2x.png"; sourceTree = "<group>"; };
		FD809D92209BF7BF000290D5 /* SGDrawingObject.hpp */ = {isa = PBXFileReference; lastKnownFileType = sourcecode.cpp.h; path = SGDrawingObject.hpp; sourceTree = "<group>"; };
		FD855C6A20A03926009D6529 /* SGVertex.cpp */ = {isa = PBXFileReference; lastKnownFileType = sourcecode.cpp.cpp; path = SGVertex.cpp; sourceTree = "<group>"; };
		FD855C6D20A1B96C009D6529 /* picojson.h */ = {isa = PBXFileReference; lastKnownFileType = sourcecode.c.h; path = picojson.h; sourceTree = "<group>"; };
		FD855C6E20A46034009D6529 /* ShaderTexture2DMatrix.vert */ = {isa = PBXFileReference; explicitFileType = sourcecode.glsl; path = ShaderTexture2DMatrix.vert; sourceTree = "<group>"; };
		FD855C7020A460EB009D6529 /* ShaderTexture2DMatrix.frag */ = {isa = PBXFileReference; explicitFileType = sourcecode.glsl; path = ShaderTexture2DMatrix.frag; sourceTree = "<group>"; };
		FD855C7220A46208009D6529 /* SGShaderTexture2DMatrix.cpp */ = {isa = PBXFileReference; lastKnownFileType = sourcecode.cpp.cpp; path = SGShaderTexture2DMatrix.cpp; sourceTree = "<group>"; };
		FD855C7320A46208009D6529 /* SGShaderTexture2DMatrix.hpp */ = {isa = PBXFileReference; lastKnownFileType = sourcecode.cpp.h; path = SGShaderTexture2DMatrix.hpp; sourceTree = "<group>"; };
		FDEC439A207F6A7900BD059F /* SGRenderer.cpp */ = {isa = PBXFileReference; lastKnownFileType = sourcecode.cpp.cpp; path = SGRenderer.cpp; sourceTree = "<group>"; };
		FDEC439B207F6A7900BD059F /* SGRenderer.hpp */ = {isa = PBXFileReference; lastKnownFileType = sourcecode.cpp.h; path = SGRenderer.hpp; sourceTree = "<group>"; };
		FDEC43D72085AA7F00BD059F /* SGBaseScene.cpp */ = {isa = PBXFileReference; lastKnownFileType = sourcecode.cpp.cpp; path = SGBaseScene.cpp; sourceTree = "<group>"; };
		FDEC43D82085AA7F00BD059F /* SGBaseScene.hpp */ = {isa = PBXFileReference; lastKnownFileType = sourcecode.cpp.h; path = SGBaseScene.hpp; sourceTree = "<group>"; };
		FDEC43DB2085ABDF00BD059F /* HelloScene.cpp */ = {isa = PBXFileReference; lastKnownFileType = sourcecode.cpp.cpp; path = HelloScene.cpp; sourceTree = "<group>"; };
		FDEC43DC2085ABDF00BD059F /* HelloScene.hpp */ = {isa = PBXFileReference; lastKnownFileType = sourcecode.cpp.h; path = HelloScene.hpp; sourceTree = "<group>"; };
		FDEC43DE2085AF1100BD059F /* SGNode.cpp */ = {isa = PBXFileReference; lastKnownFileType = sourcecode.cpp.cpp; path = SGNode.cpp; sourceTree = "<group>"; };
		FDEC43DF2085AF1100BD059F /* SGNode.hpp */ = {isa = PBXFileReference; lastKnownFileType = sourcecode.cpp.h; path = SGNode.hpp; sourceTree = "<group>"; };
		FDEC43E12085C84A00BD059F /* SGConsole.cpp */ = {isa = PBXFileReference; lastKnownFileType = sourcecode.cpp.cpp; path = SGConsole.cpp; sourceTree = "<group>"; };
		FDEC43E22085C84A00BD059F /* SGConsole.hpp */ = {isa = PBXFileReference; lastKnownFileType = sourcecode.cpp.h; path = SGConsole.hpp; sourceTree = "<group>"; };
		FDEC43E52085EA4200BD059F /* SGPrimitives.cpp */ = {isa = PBXFileReference; lastKnownFileType = sourcecode.cpp.cpp; path = SGPrimitives.cpp; sourceTree = "<group>"; };
		FDEC43E62085EA4200BD059F /* SGPrimitives.hpp */ = {isa = PBXFileReference; lastKnownFileType = sourcecode.cpp.h; path = SGPrimitives.hpp; sourceTree = "<group>"; };
		FDEC43E92086042F00BD059F /* SGGeometry.hpp */ = {isa = PBXFileReference; lastKnownFileType = sourcecode.cpp.h; path = SGGeometry.hpp; sourceTree = "<group>"; };
		FDEC43EF20860D6200BD059F /* ShaderColor.frag */ = {isa = PBXFileReference; explicitFileType = sourcecode.glsl; path = ShaderColor.frag; sourceTree = "<group>"; };
		FDEC43F32087151100BD059F /* SGColor.hpp */ = {isa = PBXFileReference; lastKnownFileType = sourcecode.cpp.h; path = SGColor.hpp; sourceTree = "<group>"; };
		FDEC43F520872BB000BD059F /* SGColor.cpp */ = {isa = PBXFileReference; lastKnownFileType = sourcecode.cpp.cpp; path = SGColor.cpp; sourceTree = "<group>"; };
		FDEC43F720872E5E00BD059F /* SGGeometry.cpp */ = {isa = PBXFileReference; lastKnownFileType = sourcecode.cpp.cpp; path = SGGeometry.cpp; sourceTree = "<group>"; };
		FDEC43F920874D0D00BD059F /* SGShaderManager.cpp */ = {isa = PBXFileReference; lastKnownFileType = sourcecode.cpp.cpp; path = SGShaderManager.cpp; sourceTree = "<group>"; };
		FDEC43FA20874D0D00BD059F /* SGShaderManager.hpp */ = {isa = PBXFileReference; lastKnownFileType = sourcecode.cpp.h; path = SGShaderManager.hpp; sourceTree = "<group>"; };
		FDEC43FC2087514900BD059F /* SGShaderProgram.cpp */ = {isa = PBXFileReference; lastKnownFileType = sourcecode.cpp.cpp; path = SGShaderProgram.cpp; sourceTree = "<group>"; };
		FDEC43FD2087514900BD059F /* SGShaderProgram.hpp */ = {isa = PBXFileReference; lastKnownFileType = sourcecode.cpp.h; path = SGShaderProgram.hpp; sourceTree = "<group>"; };
		FDEC43FF20875F9F00BD059F /* SGFileUtils.cpp */ = {isa = PBXFileReference; lastKnownFileType = sourcecode.cpp.cpp; path = SGFileUtils.cpp; sourceTree = "<group>"; };
		FDEC440020875F9F00BD059F /* SGFileUtils.hpp */ = {isa = PBXFileReference; lastKnownFileType = sourcecode.cpp.h; path = SGFileUtils.hpp; sourceTree = "<group>"; };
/* End PBXFileReference section */

/* Begin PBXFrameworksBuildPhase section */
		359C5A49205D792B00652D2A /* Frameworks */ = {
			isa = PBXFrameworksBuildPhase;
			buildActionMask = 2147483647;
			files = (
				FD59DF932060ECC5005EF629 /* OpenGLES.framework in Frameworks */,
				FD59DF912060ECBD005EF629 /* QuartzCore.framework in Frameworks */,
				FD4BA6FD2091A7D100BE3711 /* libpng.a in Frameworks */,
				FD4BA7072091CADF00BE3711 /* libz.a in Frameworks */,
			);
			runOnlyForDeploymentPostprocessing = 0;
		};
/* End PBXFrameworksBuildPhase section */

/* Begin PBXGroup section */
		359C5A43205D792B00652D2A = {
			isa = PBXGroup;
			children = (
				FD809D8720976FFB000290D5 /* Default-568h@2x.png */,
				359C5A4E205D792B00652D2A /* SimpleGameEngine */,
				359C5A4D205D792B00652D2A /* Products */,
				FD59DF8F2060ECBD005EF629 /* Frameworks */,
			);
			sourceTree = "<group>";
		};
		359C5A4D205D792B00652D2A /* Products */ = {
			isa = PBXGroup;
			children = (
				359C5A4C205D792B00652D2A /* SimpleGameEngine.app */,
			);
			name = Products;
			sourceTree = "<group>";
		};
		359C5A4E205D792B00652D2A /* SimpleGameEngine */ = {
			isa = PBXGroup;
			children = (
				35C4144A2084FD480016931D /* Application */,
				FD4BA6F620915F9100BE3711 /* Assets */,
				359C5A692061FE8D00652D2A /* GameEngine */,
				359C5A4F205D792B00652D2A /* AppDelegate.h */,
				359C5A50205D792B00652D2A /* AppDelegate.m */,
				359C5A5A205D792B00652D2A /* LaunchScreen.storyboard */,
				359C5A5D205D792B00652D2A /* Info.plist */,
				359C5A5E205D792B00652D2A /* main.m */,
			);
			path = SimpleGameEngine;
			sourceTree = "<group>";
		};
		359C5A692061FE8D00652D2A /* GameEngine */ = {
			isa = PBXGroup;
			children = (
				FD4BA6F82091A79400BE3711 /* external */,
				FDEC43E42085EA2800BD059F /* 2D */,
				FDEC4399207F6A5C00BD059F /* Renderer */,
				359C5A7A20621E1500652D2A /* Util */,
				359C5A7620620B2500652D2A /* Base */,
				359C5A6A2061FE9500652D2A /* Platform */,
			);
			path = GameEngine;
			sourceTree = "<group>";
		};
		359C5A6A2061FE9500652D2A /* Platform */ = {
			isa = PBXGroup;
			children = (
				359C5A6B2061FF4B00652D2A /* iOS */,
			);
			path = Platform;
			sourceTree = "<group>";
		};
		359C5A6B2061FF4B00652D2A /* iOS */ = {
			isa = PBXGroup;
			children = (
				359C5A6C2061FF8C00652D2A /* RootViewController.h */,
				359C5A6D2061FF8C00652D2A /* RootViewController.mm */,
				359C5A70206200B600652D2A /* SGEAGLView.h */,
				359C5A71206200B600652D2A /* SGEAGLView.mm */,
				359C5A732062017500652D2A /* AppController.h */,
				359C5A742062017500652D2A /* AppController.mm */,
				359C5A862062515200652D2A /* SGDirectorCaller.h */,
				359C5A872062515200652D2A /* SGDirectorCaller.mm */,
				FD4BA6F12090A78000BE3711 /* SGRawImage.mm */,
				FD4BA6F22090A78000BE3711 /* SGRawImage.hpp */,
			);
			path = iOS;
			sourceTree = "<group>";
		};
		359C5A7620620B2500652D2A /* Base */ = {
			isa = PBXGroup;
			children = (
				359C5A7720620B4700652D2A /* SGDirector.cpp */,
				359C5A7820620B4700652D2A /* SGDirector.hpp */,
				359C5A7C20621F8700652D2A /* SGGLView.mm */,
				359C5A7D20621F8700652D2A /* SGGLView.h */,
				359C5A8320624CE300652D2A /* SGApplication.mm */,
				359C5A8420624CE300652D2A /* SGApplication.hpp */,
				FDEC43D72085AA7F00BD059F /* SGBaseScene.cpp */,
				FDEC43D82085AA7F00BD059F /* SGBaseScene.hpp */,
				FDEC43DE2085AF1100BD059F /* SGNode.cpp */,
				FDEC43DF2085AF1100BD059F /* SGNode.hpp */,
				FD855C6A20A03926009D6529 /* SGVertex.cpp */,
				FD4BA6E4209037AF00BE3711 /* SGVertex.h */,
				FD809D92209BF7BF000290D5 /* SGDrawingObject.hpp */,
				FD4BA71820A0249800BE3711 /* SGSpriteCache.cpp */,
				FD4BA71920A0249800BE3711 /* SGSpriteCache.hpp */,
				FD4BA71B20A0282900BE3711 /* SGTexture2D.cpp */,
				FD4BA71C20A0282900BE3711 /* SGTexture2D.hpp */,
			);
			path = Base;
			sourceTree = "<group>";
		};
		359C5A7A20621E1500652D2A /* Util */ = {
			isa = PBXGroup;
			children = (
				FDEC43E12085C84A00BD059F /* SGConsole.cpp */,
				FDEC43E22085C84A00BD059F /* SGConsole.hpp */,
				FDEC43F720872E5E00BD059F /* SGGeometry.cpp */,
				FDEC43E92086042F00BD059F /* SGGeometry.hpp */,
				FDEC43F32087151100BD059F /* SGColor.hpp */,
				FDEC43F520872BB000BD059F /* SGColor.cpp */,
				FDEC43FF20875F9F00BD059F /* SGFileUtils.cpp */,
				FDEC440020875F9F00BD059F /* SGFileUtils.hpp */,
			);
			path = Util;
			sourceTree = "<group>";
		};
		35C4144A2084FD480016931D /* Application */ = {
			isa = PBXGroup;
			children = (
				FDEC43DA2085ABC900BD059F /* Scene */,
				35C4144B2084FD630016931D /* AppDelegate.cpp */,
				35C4144C2084FD630016931D /* AppDelegate.hpp */,
			);
			path = Application;
			sourceTree = "<group>";
		};
		FD4BA6F82091A79400BE3711 /* external */ = {
			isa = PBXGroup;
			children = (
				FD855C6D20A1B96C009D6529 /* picojson.h */,
				FD4BA7022091CA7C00BE3711 /* libz */,
				FD4BA6F92091A79B00BE3711 /* png */,
			);
			path = external;
			sourceTree = "<group>";
		};
		FD4BA6F92091A79B00BE3711 /* png */ = {
			isa = PBXGroup;
			children = (
				FD4BA6FE2091A7EE00BE3711 /* iOS */,
				FD4BA6FA2091A7A300BE3711 /* prebuilt */,
			);
			path = png;
			sourceTree = "<group>";
		};
		FD4BA6FA2091A7A300BE3711 /* prebuilt */ = {
			isa = PBXGroup;
			children = (
				FD4BA6FB2091A7BE00BE3711 /* iOS */,
			);
			path = prebuilt;
			sourceTree = "<group>";
		};
		FD4BA6FB2091A7BE00BE3711 /* iOS */ = {
			isa = PBXGroup;
			children = (
				FD4BA6FC2091A7D100BE3711 /* libpng.a */,
			);
			path = iOS;
			sourceTree = "<group>";
		};
		FD4BA6FE2091A7EE00BE3711 /* iOS */ = {
			isa = PBXGroup;
			children = (
				FD4BA6FF2091A7FA00BE3711 /* png.h */,
				FD4BA7002091A7FA00BE3711 /* pngconf.h */,
				FD4BA7012091A7FA00BE3711 /* pnglibconf.h */,
			);
			path = iOS;
			sourceTree = "<group>";
		};
		FD4BA7022091CA7C00BE3711 /* libz */ = {
			isa = PBXGroup;
			children = (
				FD4BA7042091CA9800BE3711 /* prebuilt */,
				FD4BA7032091CA8300BE3711 /* iOS */,
			);
			path = libz;
			sourceTree = "<group>";
		};
		FD4BA7032091CA8300BE3711 /* iOS */ = {
			isa = PBXGroup;
			children = (
			);
			path = iOS;
			sourceTree = "<group>";
		};
		FD4BA7042091CA9800BE3711 /* prebuilt */ = {
			isa = PBXGroup;
			children = (
				FD4BA7052091CAA000BE3711 /* iOS */,
			);
			path = prebuilt;
			sourceTree = "<group>";
		};
		FD4BA7052091CAA000BE3711 /* iOS */ = {
			isa = PBXGroup;
			children = (
				FD4BA7062091CADF00BE3711 /* libz.a */,
			);
			path = iOS;
			sourceTree = "<group>";
		};
		FD59DF8F2060ECBD005EF629 /* Frameworks */ = {
			isa = PBXGroup;
			children = (
				FD59DF922060ECC5005EF629 /* OpenGLES.framework */,
				FD59DF902060ECBD005EF629 /* QuartzCore.framework */,
			);
			name = Frameworks;
			sourceTree = "<group>";
		};
		FDEC4399207F6A5C00BD059F /* Renderer */ = {
			isa = PBXGroup;
			children = (
				FDEC43EB20860AD100BD059F /* Shader */,
				FDEC439A207F6A7900BD059F /* SGRenderer.cpp */,
				FDEC439B207F6A7900BD059F /* SGRenderer.hpp */,
				FDEC43F920874D0D00BD059F /* SGShaderManager.cpp */,
				FDEC43FA20874D0D00BD059F /* SGShaderManager.hpp */,
				FDEC43FC2087514900BD059F /* SGShaderProgram.cpp */,
				FDEC43FD2087514900BD059F /* SGShaderProgram.hpp */,
				FD4BA6E1209029CC00BE3711 /* SGShaderVertexColor.cpp */,
				FD4BA6E2209029CC00BE3711 /* SGShaderVertexColor.hpp */,
				FD4BA6DA208F3E2100BE3711 /* SGShaderPositionAndColor.cpp */,
				FD4BA6DB208F3E2100BE3711 /* SGShaderPositionAndColor.hpp */,
				FD4BA6E920906CE000BE3711 /* SGShaderTexture2D.cpp */,
				FD4BA6EA20906CE000BE3711 /* SGShaderTexture2D.hpp */,
				FD4BA7122098462600BE3711 /* SGShaderMaskTexture.cpp */,
				FD4BA7132098462600BE3711 /* SGShaderMaskTexture.hpp */,
				FD855C7220A46208009D6529 /* SGShaderTexture2DMatrix.cpp */,
				FD855C7320A46208009D6529 /* SGShaderTexture2DMatrix.hpp */,
			);
			path = Renderer;
			sourceTree = "<group>";
		};
		FDEC43DA2085ABC900BD059F /* Scene */ = {
			isa = PBXGroup;
			children = (
				FDEC43DB2085ABDF00BD059F /* HelloScene.cpp */,
				FDEC43DC2085ABDF00BD059F /* HelloScene.hpp */,
			);
			path = Scene;
			sourceTree = "<group>";
		};
		FDEC43E42085EA2800BD059F /* 2D */ = {
			isa = PBXGroup;
			children = (
				FDEC43E52085EA4200BD059F /* SGPrimitives.cpp */,
				FDEC43E62085EA4200BD059F /* SGPrimitives.hpp */,
				FD4BA70B2091FAD000BE3711 /* SGSprite.cpp */,
				FD4BA70C2091FAD000BE3711 /* SGSprite.hpp */,
				FD4BA7152098518F00BE3711 /* SGSpriteMask.cpp */,
				FD4BA7162098518F00BE3711 /* SGSpriteMask.hpp */,
			);
			path = 2D;
			sourceTree = "<group>";
		};
		FDEC43EB20860AD100BD059F /* Shader */ = {
			isa = PBXGroup;
			children = (
				FDEC43EF20860D6200BD059F /* ShaderColor.frag */,
				84D3A7912088E65400594439 /* ShaderPosition.vert */,
				FD4BA6DD2090281700BE3711 /* ShaderVertexColor.vert */,
				FD4BA6DF209028DE00BE3711 /* ShaderVertexColor.frag */,
				FD4BA6E520906B7A00BE3711 /* ShaderTexture2D.vert */,
				FD4BA6E720906C2D00BE3711 /* ShaderTexture2D.frag */,
				FD4BA70E2098425F00BE3711 /* ShaderMaskTexture.vert */,
				FD4BA7102098427900BE3711 /* ShaderMaskTexture.frag */,
				FD855C6E20A46034009D6529 /* ShaderTexture2DMatrix.vert */,
				FD855C7020A460EB009D6529 /* ShaderTexture2DMatrix.frag */,
			);
			path = Shader;
			sourceTree = "<group>";
		};
/* End PBXGroup section */

/* Begin PBXNativeTarget section */
		359C5A4B205D792B00652D2A /* SimpleGameEngine */ = {
			isa = PBXNativeTarget;
			buildConfigurationList = 359C5A62205D792B00652D2A /* Build configuration list for PBXNativeTarget "SimpleGameEngine" */;
			buildPhases = (
				359C5A48205D792B00652D2A /* Sources */,
				359C5A49205D792B00652D2A /* Frameworks */,
				359C5A4A205D792B00652D2A /* Resources */,
			);
			buildRules = (
			);
			dependencies = (
			);
			name = SimpleGameEngine;
			productName = SimpleGameEngine;
			productReference = 359C5A4C205D792B00652D2A /* SimpleGameEngine.app */;
			productType = "com.apple.product-type.application";
		};
/* End PBXNativeTarget section */

/* Begin PBXProject section */
		359C5A44205D792B00652D2A /* Project object */ = {
			isa = PBXProject;
			attributes = {
				LastUpgradeCheck = 0930;
				ORGANIZATIONNAME = Nao;
				TargetAttributes = {
					359C5A4B205D792B00652D2A = {
						CreatedOnToolsVersion = 9.2;
						ProvisioningStyle = Automatic;
					};
				};
			};
			buildConfigurationList = 359C5A47205D792B00652D2A /* Build configuration list for PBXProject "SimpleGameEngine" */;
			compatibilityVersion = "Xcode 8.0";
			developmentRegion = en;
			hasScannedForEncodings = 0;
			knownRegions = (
				en,
				Base,
			);
			mainGroup = 359C5A43205D792B00652D2A;
			productRefGroup = 359C5A4D205D792B00652D2A /* Products */;
			projectDirPath = "";
			projectRoot = "";
			targets = (
				359C5A4B205D792B00652D2A /* SimpleGameEngine */,
			);
		};
/* End PBXProject section */

/* Begin PBXResourcesBuildPhase section */
		359C5A4A205D792B00652D2A /* Resources */ = {
			isa = PBXResourcesBuildPhase;
			buildActionMask = 2147483647;
			files = (
				359C5A5C205D792B00652D2A /* LaunchScreen.storyboard in Resources */,
				FD4BA6F720915F9100BE3711 /* Assets in Resources */,
				FD809D8820976FFB000290D5 /* Default-568h@2x.png in Resources */,
			);
			runOnlyForDeploymentPostprocessing = 0;
		};
/* End PBXResourcesBuildPhase section */

/* Begin PBXSourcesBuildPhase section */
		359C5A48205D792B00652D2A /* Sources */ = {
			isa = PBXSourcesBuildPhase;
			buildActionMask = 2147483647;
			files = (
				359C5A8520624CE300652D2A /* SGApplication.mm in Sources */,
				FDEC43F820872E5E00BD059F /* SGGeometry.cpp in Sources */,
				FDEC43FB20874D0D00BD059F /* SGShaderManager.cpp in Sources */,
				FD4BA7172098518F00BE3711 /* SGSpriteMask.cpp in Sources */,
				FD855C6B20A03926009D6529 /* SGVertex.cpp in Sources */,
				FD4BA70D2091FAD000BE3711 /* SGSprite.cpp in Sources */,
				FD4BA6F32090A78000BE3711 /* SGRawImage.mm in Sources */,
				359C5A7E20621F8700652D2A /* SGGLView.mm in Sources */,
				359C5A5F205D792B00652D2A /* main.m in Sources */,
				FDEC43D92085AA7F00BD059F /* SGBaseScene.cpp in Sources */,
				359C5A51205D792B00652D2A /* AppDelegate.m in Sources */,
				359C5A752062017500652D2A /* AppController.mm in Sources */,
				359C5A7920620B4700652D2A /* SGDirector.cpp in Sources */,
				FDEC43FE2087514900BD059F /* SGShaderProgram.cpp in Sources */,
				FDEC439C207F6A7900BD059F /* SGRenderer.cpp in Sources */,
				35C4144D2084FD630016931D /* AppDelegate.cpp in Sources */,
				FDEC43E32085C84A00BD059F /* SGConsole.cpp in Sources */,
				FDEC43F620872BB000BD059F /* SGColor.cpp in Sources */,
				FDEC43E02085AF1100BD059F /* SGNode.cpp in Sources */,
				359C5A6E2061FF8C00652D2A /* RootViewController.mm in Sources */,
				FD4BA71D20A0282900BE3711 /* SGTexture2D.cpp in Sources */,
				FD4BA71A20A0249800BE3711 /* SGSpriteCache.cpp in Sources */,
				FD4BA6E3209029CC00BE3711 /* SGShaderVertexColor.cpp in Sources */,
				359C5A882062515200652D2A /* SGDirectorCaller.mm in Sources */,
				FDEC43DD2085ABDF00BD059F /* HelloScene.cpp in Sources */,
				FD855C7420A46208009D6529 /* SGShaderTexture2DMatrix.cpp in Sources */,
				359C5A72206200B600652D2A /* SGEAGLView.mm in Sources */,
				FDEC43E72085EA4200BD059F /* SGPrimitives.cpp in Sources */,
				FD4BA7142098462600BE3711 /* SGShaderMaskTexture.cpp in Sources */,
				FDEC440120875F9F00BD059F /* SGFileUtils.cpp in Sources */,
				FD4BA6EB20906CE000BE3711 /* SGShaderTexture2D.cpp in Sources */,
				FD4BA6DC208F3E2100BE3711 /* SGShaderPositionAndColor.cpp in Sources */,
			);
			runOnlyForDeploymentPostprocessing = 0;
		};
/* End PBXSourcesBuildPhase section */

/* Begin PBXVariantGroup section */
		359C5A5A205D792B00652D2A /* LaunchScreen.storyboard */ = {
			isa = PBXVariantGroup;
			children = (
				359C5A5B205D792B00652D2A /* Base */,
			);
			name = LaunchScreen.storyboard;
			sourceTree = "<group>";
		};
/* End PBXVariantGroup section */

/* Begin XCBuildConfiguration section */
		359C5A60205D792B00652D2A /* Debug */ = {
			isa = XCBuildConfiguration;
			buildSettings = {
				ALWAYS_SEARCH_USER_PATHS = NO;
				CLANG_ANALYZER_NONNULL = YES;
				CLANG_ANALYZER_NUMBER_OBJECT_CONVERSION = YES_AGGRESSIVE;
				CLANG_CXX_LANGUAGE_STANDARD = "gnu++14";
				CLANG_CXX_LIBRARY = "libc++";
				CLANG_ENABLE_MODULES = YES;
				CLANG_ENABLE_OBJC_ARC = YES;
				CLANG_WARN_BLOCK_CAPTURE_AUTORELEASING = YES;
				CLANG_WARN_BOOL_CONVERSION = YES;
				CLANG_WARN_COMMA = YES;
				CLANG_WARN_CONSTANT_CONVERSION = YES;
				CLANG_WARN_DIRECT_OBJC_ISA_USAGE = YES_ERROR;
				CLANG_WARN_DOCUMENTATION_COMMENTS = YES;
				CLANG_WARN_EMPTY_BODY = YES;
				CLANG_WARN_ENUM_CONVERSION = YES;
				CLANG_WARN_INFINITE_RECURSION = YES;
				CLANG_WARN_INT_CONVERSION = YES;
				CLANG_WARN_NON_LITERAL_NULL_CONVERSION = YES;
				CLANG_WARN_OBJC_LITERAL_CONVERSION = YES;
				CLANG_WARN_OBJC_ROOT_CLASS = YES_ERROR;
				CLANG_WARN_RANGE_LOOP_ANALYSIS = YES;
				CLANG_WARN_STRICT_PROTOTYPES = YES;
				CLANG_WARN_SUSPICIOUS_MOVE = YES;
				CLANG_WARN_UNGUARDED_AVAILABILITY = YES_AGGRESSIVE;
				CLANG_WARN_UNREACHABLE_CODE = YES;
				CLANG_WARN__DUPLICATE_METHOD_MATCH = YES;
				CODE_SIGN_IDENTITY = "iPhone Developer";
				COPY_PHASE_STRIP = NO;
				DEBUG_INFORMATION_FORMAT = dwarf;
				ENABLE_STRICT_OBJC_MSGSEND = YES;
				ENABLE_TESTABILITY = YES;
				GCC_C_LANGUAGE_STANDARD = gnu11;
				GCC_DYNAMIC_NO_PIC = NO;
				GCC_NO_COMMON_BLOCKS = YES;
				GCC_OPTIMIZATION_LEVEL = 0;
				GCC_PREPROCESSOR_DEFINITIONS = (
					"DEBUG=1",
					"$(inherited)",
				);
				GCC_WARN_64_TO_32_BIT_CONVERSION = YES;
				GCC_WARN_ABOUT_RETURN_TYPE = YES_ERROR;
				GCC_WARN_UNDECLARED_SELECTOR = YES;
				GCC_WARN_UNINITIALIZED_AUTOS = YES_AGGRESSIVE;
				GCC_WARN_UNUSED_FUNCTION = YES;
				GCC_WARN_UNUSED_VARIABLE = YES;
				IPHONEOS_DEPLOYMENT_TARGET = 11.2;
				MTL_ENABLE_DEBUG_INFO = YES;
				ONLY_ACTIVE_ARCH = YES;
				SDKROOT = iphoneos;
			};
			name = Debug;
		};
		359C5A61205D792B00652D2A /* Release */ = {
			isa = XCBuildConfiguration;
			buildSettings = {
				ALWAYS_SEARCH_USER_PATHS = NO;
				CLANG_ANALYZER_NONNULL = YES;
				CLANG_ANALYZER_NUMBER_OBJECT_CONVERSION = YES_AGGRESSIVE;
				CLANG_CXX_LANGUAGE_STANDARD = "gnu++14";
				CLANG_CXX_LIBRARY = "libc++";
				CLANG_ENABLE_MODULES = YES;
				CLANG_ENABLE_OBJC_ARC = YES;
				CLANG_WARN_BLOCK_CAPTURE_AUTORELEASING = YES;
				CLANG_WARN_BOOL_CONVERSION = YES;
				CLANG_WARN_COMMA = YES;
				CLANG_WARN_CONSTANT_CONVERSION = YES;
				CLANG_WARN_DIRECT_OBJC_ISA_USAGE = YES_ERROR;
				CLANG_WARN_DOCUMENTATION_COMMENTS = YES;
				CLANG_WARN_EMPTY_BODY = YES;
				CLANG_WARN_ENUM_CONVERSION = YES;
				CLANG_WARN_INFINITE_RECURSION = YES;
				CLANG_WARN_INT_CONVERSION = YES;
				CLANG_WARN_NON_LITERAL_NULL_CONVERSION = YES;
				CLANG_WARN_OBJC_LITERAL_CONVERSION = YES;
				CLANG_WARN_OBJC_ROOT_CLASS = YES_ERROR;
				CLANG_WARN_RANGE_LOOP_ANALYSIS = YES;
				CLANG_WARN_STRICT_PROTOTYPES = YES;
				CLANG_WARN_SUSPICIOUS_MOVE = YES;
				CLANG_WARN_UNGUARDED_AVAILABILITY = YES_AGGRESSIVE;
				CLANG_WARN_UNREACHABLE_CODE = YES;
				CLANG_WARN__DUPLICATE_METHOD_MATCH = YES;
				CODE_SIGN_IDENTITY = "iPhone Developer";
				COPY_PHASE_STRIP = NO;
				DEBUG_INFORMATION_FORMAT = "dwarf-with-dsym";
				ENABLE_NS_ASSERTIONS = NO;
				ENABLE_STRICT_OBJC_MSGSEND = YES;
				GCC_C_LANGUAGE_STANDARD = gnu11;
				GCC_NO_COMMON_BLOCKS = YES;
				GCC_WARN_64_TO_32_BIT_CONVERSION = YES;
				GCC_WARN_ABOUT_RETURN_TYPE = YES_ERROR;
				GCC_WARN_UNDECLARED_SELECTOR = YES;
				GCC_WARN_UNINITIALIZED_AUTOS = YES_AGGRESSIVE;
				GCC_WARN_UNUSED_FUNCTION = YES;
				GCC_WARN_UNUSED_VARIABLE = YES;
				IPHONEOS_DEPLOYMENT_TARGET = 11.2;
				MTL_ENABLE_DEBUG_INFO = NO;
				SDKROOT = iphoneos;
				VALIDATE_PRODUCT = YES;
			};
			name = Release;
		};
		359C5A63205D792B00652D2A /* Debug */ = {
			isa = XCBuildConfiguration;
			buildSettings = {
				ASSETCATALOG_COMPILER_APPICON_NAME = AppIcon;
				CODE_SIGN_STYLE = Automatic;
				INFOPLIST_FILE = SimpleGameEngine/Info.plist;
				LD_RUNPATH_SEARCH_PATHS = "$(inherited) @executable_path/Frameworks";
				LIBRARY_SEARCH_PATHS = (
					"$(inherited)",
					"$(PROJECT_DIR)/SimpleGameEngine/GameEngine/external/png/prebuilt/iOS",
					"$(PROJECT_DIR)/SimpleGameEngine/GameEngine/external/libz/prebuilt/iOS",
				);
				PRODUCT_BUNDLE_IDENTIFIER = com.naonao2dx.SimpleGameEngine;
				PRODUCT_NAME = "$(TARGET_NAME)";
				TARGETED_DEVICE_FAMILY = "1,2";
			};
			name = Debug;
		};
		359C5A64205D792B00652D2A /* Release */ = {
			isa = XCBuildConfiguration;
			buildSettings = {
				ASSETCATALOG_COMPILER_APPICON_NAME = AppIcon;
				CODE_SIGN_STYLE = Automatic;
				INFOPLIST_FILE = SimpleGameEngine/Info.plist;
				LD_RUNPATH_SEARCH_PATHS = "$(inherited) @executable_path/Frameworks";
				LIBRARY_SEARCH_PATHS = (
					"$(inherited)",
					"$(PROJECT_DIR)/SimpleGameEngine/GameEngine/external/png/prebuilt/iOS",
					"$(PROJECT_DIR)/SimpleGameEngine/GameEngine/external/libz/prebuilt/iOS",
				);
				PRODUCT_BUNDLE_IDENTIFIER = com.naonao2dx.SimpleGameEngine;
				PRODUCT_NAME = "$(TARGET_NAME)";
				TARGETED_DEVICE_FAMILY = "1,2";
			};
			name = Release;
		};
/* End XCBuildConfiguration section */

/* Begin XCConfigurationList section */
		359C5A47205D792B00652D2A /* Build configuration list for PBXProject "SimpleGameEngine" */ = {
			isa = XCConfigurationList;
			buildConfigurations = (
				359C5A60205D792B00652D2A /* Debug */,
				359C5A61205D792B00652D2A /* Release */,
			);
			defaultConfigurationIsVisible = 0;
			defaultConfigurationName = Release;
		};
		359C5A62205D792B00652D2A /* Build configuration list for PBXNativeTarget "SimpleGameEngine" */ = {
			isa = XCConfigurationList;
			buildConfigurations = (
				359C5A63205D792B00652D2A /* Debug */,
				359C5A64205D792B00652D2A /* Release */,
			);
			defaultConfigurationIsVisible = 0;
			defaultConfigurationName = Release;
		};
/* End XCConfigurationList section */
	};
	rootObject = 359C5A44205D792B00652D2A /* Project object */;
}
