// !$*UTF8*$!
{
	archiveVersion = 1;
	classes = {
	};
	objectVersion = 48;
	objects = {

/* Begin PBXBuildFile section */
		359C5A51205D792B00652D2A /* AppDelegate.m in Sources */ = {isa = PBXBuildFile; fileRef = 359C5A50205D792B00652D2A /* AppDelegate.m */; };
		359C5A54205D792B00652D2A /* ViewController.m in Sources */ = {isa = PBXBuildFile; fileRef = 359C5A53205D792B00652D2A /* ViewController.m */; };
		359C5A57205D792B00652D2A /* Main.storyboard in Resources */ = {isa = PBXBuildFile; fileRef = 359C5A55205D792B00652D2A /* Main.storyboard */; };
		359C5A59205D792B00652D2A /* Assets.xcassets in Resources */ = {isa = PBXBuildFile; fileRef = 359C5A58205D792B00652D2A /* Assets.xcassets */; };
		359C5A5C205D792B00652D2A /* LaunchScreen.storyboard in Resources */ = {isa = PBXBuildFile; fileRef = 359C5A5A205D792B00652D2A /* LaunchScreen.storyboard */; };
		359C5A5F205D792B00652D2A /* main.m in Sources */ = {isa = PBXBuildFile; fileRef = 359C5A5E205D792B00652D2A /* main.m */; };
		359C5A67205D795E00652D2A /* GLSurfaceView.m in Sources */ = {isa = PBXBuildFile; fileRef = 359C5A66205D795E00652D2A /* GLSurfaceView.m */; };
		359C5A6E2061FF8C00652D2A /* RootViewController.mm in Sources */ = {isa = PBXBuildFile; fileRef = 359C5A6D2061FF8C00652D2A /* RootViewController.mm */; };
		359C5A72206200B600652D2A /* SGEAGLView.mm in Sources */ = {isa = PBXBuildFile; fileRef = 359C5A71206200B600652D2A /* SGEAGLView.mm */; };
		359C5A752062017500652D2A /* AppController.mm in Sources */ = {isa = PBXBuildFile; fileRef = 359C5A742062017500652D2A /* AppController.mm */; };
		359C5A7920620B4700652D2A /* SGDirector.cpp in Sources */ = {isa = PBXBuildFile; fileRef = 359C5A7720620B4700652D2A /* SGDirector.cpp */; };
		359C5A7E20621F8700652D2A /* SGGLView.mm in Sources */ = {isa = PBXBuildFile; fileRef = 359C5A7C20621F8700652D2A /* SGGLView.mm */; };
		FD59DF912060ECBD005EF629 /* QuartzCore.framework in Frameworks */ = {isa = PBXBuildFile; fileRef = FD59DF902060ECBD005EF629 /* QuartzCore.framework */; };
		FD59DF932060ECC5005EF629 /* OpenGLES.framework in Frameworks */ = {isa = PBXBuildFile; fileRef = FD59DF922060ECC5005EF629 /* OpenGLES.framework */; };
/* End PBXBuildFile section */

/* Begin PBXFileReference section */
		359C5A4C205D792B00652D2A /* SimpleGameEngine.app */ = {isa = PBXFileReference; explicitFileType = wrapper.application; includeInIndex = 0; path = SimpleGameEngine.app; sourceTree = BUILT_PRODUCTS_DIR; };
		359C5A4F205D792B00652D2A /* AppDelegate.h */ = {isa = PBXFileReference; lastKnownFileType = sourcecode.c.h; path = AppDelegate.h; sourceTree = "<group>"; };
		359C5A50205D792B00652D2A /* AppDelegate.m */ = {isa = PBXFileReference; lastKnownFileType = sourcecode.c.objc; path = AppDelegate.m; sourceTree = "<group>"; };
		359C5A52205D792B00652D2A /* ViewController.h */ = {isa = PBXFileReference; lastKnownFileType = sourcecode.c.h; path = ViewController.h; sourceTree = "<group>"; };
		359C5A53205D792B00652D2A /* ViewController.m */ = {isa = PBXFileReference; lastKnownFileType = sourcecode.c.objc; path = ViewController.m; sourceTree = "<group>"; };
		359C5A56205D792B00652D2A /* Base */ = {isa = PBXFileReference; lastKnownFileType = file.storyboard; name = Base; path = Base.lproj/Main.storyboard; sourceTree = "<group>"; };
		359C5A58205D792B00652D2A /* Assets.xcassets */ = {isa = PBXFileReference; lastKnownFileType = folder.assetcatalog; path = Assets.xcassets; sourceTree = "<group>"; };
		359C5A5B205D792B00652D2A /* Base */ = {isa = PBXFileReference; lastKnownFileType = file.storyboard; name = Base; path = Base.lproj/LaunchScreen.storyboard; sourceTree = "<group>"; };
		359C5A5D205D792B00652D2A /* Info.plist */ = {isa = PBXFileReference; lastKnownFileType = text.plist.xml; path = Info.plist; sourceTree = "<group>"; };
		359C5A5E205D792B00652D2A /* main.m */ = {isa = PBXFileReference; lastKnownFileType = sourcecode.c.objc; path = main.m; sourceTree = "<group>"; };
		359C5A65205D795E00652D2A /* GLSurfaceView.h */ = {isa = PBXFileReference; lastKnownFileType = sourcecode.c.h; path = GLSurfaceView.h; sourceTree = "<group>"; };
		359C5A66205D795E00652D2A /* GLSurfaceView.m */ = {isa = PBXFileReference; lastKnownFileType = sourcecode.c.objc; path = GLSurfaceView.m; sourceTree = "<group>"; };
		359C5A6C2061FF8C00652D2A /* RootViewController.h */ = {isa = PBXFileReference; lastKnownFileType = sourcecode.c.h; path = RootViewController.h; sourceTree = "<group>"; };
		359C5A6D2061FF8C00652D2A /* RootViewController.mm */ = {isa = PBXFileReference; lastKnownFileType = sourcecode.cpp.objcpp; path = RootViewController.mm; sourceTree = "<group>"; };
		359C5A70206200B600652D2A /* SGEAGLView.h */ = {isa = PBXFileReference; lastKnownFileType = sourcecode.c.h; path = SGEAGLView.h; sourceTree = "<group>"; };
		359C5A71206200B600652D2A /* SGEAGLView.mm */ = {isa = PBXFileReference; lastKnownFileType = sourcecode.cpp.objcpp; path = SGEAGLView.mm; sourceTree = "<group>"; };
		359C5A732062017500652D2A /* AppController.h */ = {isa = PBXFileReference; lastKnownFileType = sourcecode.c.h; path = AppController.h; sourceTree = "<group>"; };
		359C5A742062017500652D2A /* AppController.mm */ = {isa = PBXFileReference; lastKnownFileType = sourcecode.cpp.objcpp; path = AppController.mm; sourceTree = "<group>"; };
		359C5A7720620B4700652D2A /* SGDirector.cpp */ = {isa = PBXFileReference; lastKnownFileType = sourcecode.cpp.cpp; path = SGDirector.cpp; sourceTree = "<group>"; };
		359C5A7820620B4700652D2A /* SGDirector.hpp */ = {isa = PBXFileReference; lastKnownFileType = sourcecode.cpp.h; path = SGDirector.hpp; sourceTree = "<group>"; };
		359C5A7B20621E2900652D2A /* Singleton.h */ = {isa = PBXFileReference; lastKnownFileType = sourcecode.c.h; path = Singleton.h; sourceTree = "<group>"; };
		359C5A7C20621F8700652D2A /* SGGLView.mm */ = {isa = PBXFileReference; lastKnownFileType = sourcecode.cpp.objcpp; path = SGGLView.mm; sourceTree = "<group>"; };
		359C5A7D20621F8700652D2A /* SGGLView.h */ = {isa = PBXFileReference; lastKnownFileType = sourcecode.c.h; path = SGGLView.h; sourceTree = "<group>"; };
		359C5A8220622ECC00652D2A /* SGGeometry.h */ = {isa = PBXFileReference; lastKnownFileType = sourcecode.c.h; path = SGGeometry.h; sourceTree = "<group>"; };
		FD59DF902060ECBD005EF629 /* QuartzCore.framework */ = {isa = PBXFileReference; lastKnownFileType = wrapper.framework; name = QuartzCore.framework; path = System/Library/Frameworks/QuartzCore.framework; sourceTree = SDKROOT; };
		FD59DF922060ECC5005EF629 /* OpenGLES.framework */ = {isa = PBXFileReference; lastKnownFileType = wrapper.framework; name = OpenGLES.framework; path = System/Library/Frameworks/OpenGLES.framework; sourceTree = SDKROOT; };
/* End PBXFileReference section */

/* Begin PBXFrameworksBuildPhase section */
		359C5A49205D792B00652D2A /* Frameworks */ = {
			isa = PBXFrameworksBuildPhase;
			buildActionMask = 2147483647;
			files = (
				FD59DF932060ECC5005EF629 /* OpenGLES.framework in Frameworks */,
				FD59DF912060ECBD005EF629 /* QuartzCore.framework in Frameworks */,
			);
			runOnlyForDeploymentPostprocessing = 0;
		};
/* End PBXFrameworksBuildPhase section */

/* Begin PBXGroup section */
		359C5A43205D792B00652D2A = {
			isa = PBXGroup;
			children = (
				359C5A4E205D792B00652D2A /* SimpleGameEngine */,
				359C5A4D205D792B00652D2A /* Products */,
				FD59DF8F2060ECBD005EF629 /* Frameworks */,
			);
			sourceTree = "<group>";
		};
		359C5A4D205D792B00652D2A /* Products */ = {
			isa = PBXGroup;
			children = (
				359C5A4C205D792B00652D2A /* SimpleGameEngine.app */,
			);
			name = Products;
			sourceTree = "<group>";
		};
		359C5A4E205D792B00652D2A /* SimpleGameEngine */ = {
			isa = PBXGroup;
			children = (
				359C5A692061FE8D00652D2A /* src */,
				359C5A65205D795E00652D2A /* GLSurfaceView.h */,
				359C5A66205D795E00652D2A /* GLSurfaceView.m */,
				359C5A4F205D792B00652D2A /* AppDelegate.h */,
				359C5A50205D792B00652D2A /* AppDelegate.m */,
				359C5A52205D792B00652D2A /* ViewController.h */,
				359C5A53205D792B00652D2A /* ViewController.m */,
				359C5A55205D792B00652D2A /* Main.storyboard */,
				359C5A58205D792B00652D2A /* Assets.xcassets */,
				359C5A5A205D792B00652D2A /* LaunchScreen.storyboard */,
				359C5A5D205D792B00652D2A /* Info.plist */,
				359C5A5E205D792B00652D2A /* main.m */,
			);
			path = SimpleGameEngine;
			sourceTree = "<group>";
		};
		359C5A692061FE8D00652D2A /* src */ = {
			isa = PBXGroup;
			children = (
				359C5A7A20621E1500652D2A /* common */,
				359C5A7620620B2500652D2A /* base */,
				359C5A6A2061FE9500652D2A /* platform */,
			);
			path = src;
			sourceTree = "<group>";
		};
		359C5A6A2061FE9500652D2A /* platform */ = {
			isa = PBXGroup;
			children = (
				359C5A6B2061FF4B00652D2A /* ios */,
			);
			path = platform;
			sourceTree = "<group>";
		};
		359C5A6B2061FF4B00652D2A /* ios */ = {
			isa = PBXGroup;
			children = (
				359C5A6C2061FF8C00652D2A /* RootViewController.h */,
				359C5A6D2061FF8C00652D2A /* RootViewController.mm */,
				359C5A70206200B600652D2A /* SGEAGLView.h */,
				359C5A71206200B600652D2A /* SGEAGLView.mm */,
				359C5A732062017500652D2A /* AppController.h */,
				359C5A742062017500652D2A /* AppController.mm */,
			);
			path = ios;
			sourceTree = "<group>";
		};
		359C5A7620620B2500652D2A /* base */ = {
			isa = PBXGroup;
			children = (
				359C5A7720620B4700652D2A /* SGDirector.cpp */,
				359C5A7820620B4700652D2A /* SGDirector.hpp */,
				359C5A7C20621F8700652D2A /* SGGLView.mm */,
				359C5A7D20621F8700652D2A /* SGGLView.h */,
			);
			path = base;
			sourceTree = "<group>";
		};
		359C5A7A20621E1500652D2A /* common */ = {
			isa = PBXGroup;
			children = (
				359C5A7B20621E2900652D2A /* Singleton.h */,
				359C5A8220622ECC00652D2A /* SGGeometry.h */,
			);
			path = common;
			sourceTree = "<group>";
		};
		FD59DF8F2060ECBD005EF629 /* Frameworks */ = {
			isa = PBXGroup;
			children = (
				FD59DF922060ECC5005EF629 /* OpenGLES.framework */,
				FD59DF902060ECBD005EF629 /* QuartzCore.framework */,
			);
			name = Frameworks;
			sourceTree = "<group>";
		};
/* End PBXGroup section */

/* Begin PBXNativeTarget section */
		359C5A4B205D792B00652D2A /* SimpleGameEngine */ = {
			isa = PBXNativeTarget;
			buildConfigurationList = 359C5A62205D792B00652D2A /* Build configuration list for PBXNativeTarget "SimpleGameEngine" */;
			buildPhases = (
				359C5A48205D792B00652D2A /* Sources */,
				359C5A49205D792B00652D2A /* Frameworks */,
				359C5A4A205D792B00652D2A /* Resources */,
			);
			buildRules = (
			);
			dependencies = (
			);
			name = SimpleGameEngine;
			productName = SimpleGameEngine;
			productReference = 359C5A4C205D792B00652D2A /* SimpleGameEngine.app */;
			productType = "com.apple.product-type.application";
		};
/* End PBXNativeTarget section */

/* Begin PBXProject section */
		359C5A44205D792B00652D2A /* Project object */ = {
			isa = PBXProject;
			attributes = {
				LastUpgradeCheck = 0920;
				ORGANIZATIONNAME = Nao;
				TargetAttributes = {
					359C5A4B205D792B00652D2A = {
						CreatedOnToolsVersion = 9.2;
						ProvisioningStyle = Automatic;
					};
				};
			};
			buildConfigurationList = 359C5A47205D792B00652D2A /* Build configuration list for PBXProject "SimpleGameEngine" */;
			compatibilityVersion = "Xcode 8.0";
			developmentRegion = en;
			hasScannedForEncodings = 0;
			knownRegions = (
				en,
				Base,
			);
			mainGroup = 359C5A43205D792B00652D2A;
			productRefGroup = 359C5A4D205D792B00652D2A /* Products */;
			projectDirPath = "";
			projectRoot = "";
			targets = (
				359C5A4B205D792B00652D2A /* SimpleGameEngine */,
			);
		};
/* End PBXProject section */

/* Begin PBXResourcesBuildPhase section */
		359C5A4A205D792B00652D2A /* Resources */ = {
			isa = PBXResourcesBuildPhase;
			buildActionMask = 2147483647;
			files = (
				359C5A5C205D792B00652D2A /* LaunchScreen.storyboard in Resources */,
				359C5A59205D792B00652D2A /* Assets.xcassets in Resources */,
				359C5A57205D792B00652D2A /* Main.storyboard in Resources */,
			);
			runOnlyForDeploymentPostprocessing = 0;
		};
/* End PBXResourcesBuildPhase section */

/* Begin PBXSourcesBuildPhase section */
		359C5A48205D792B00652D2A /* Sources */ = {
			isa = PBXSourcesBuildPhase;
			buildActionMask = 2147483647;
			files = (
				359C5A54205D792B00652D2A /* ViewController.m in Sources */,
				359C5A7E20621F8700652D2A /* SGGLView.mm in Sources */,
				359C5A67205D795E00652D2A /* GLSurfaceView.m in Sources */,
				359C5A5F205D792B00652D2A /* main.m in Sources */,
				359C5A51205D792B00652D2A /* AppDelegate.m in Sources */,
				359C5A752062017500652D2A /* AppController.mm in Sources */,
				359C5A7920620B4700652D2A /* SGDirector.cpp in Sources */,
				359C5A6E2061FF8C00652D2A /* RootViewController.mm in Sources */,
				359C5A72206200B600652D2A /* SGEAGLView.mm in Sources */,
			);
			runOnlyForDeploymentPostprocessing = 0;
		};
/* End PBXSourcesBuildPhase section */

/* Begin PBXVariantGroup section */
		359C5A55205D792B00652D2A /* Main.storyboard */ = {
			isa = PBXVariantGroup;
			children = (
				359C5A56205D792B00652D2A /* Base */,
			);
			name = Main.storyboard;
			sourceTree = "<group>";
		};
		359C5A5A205D792B00652D2A /* LaunchScreen.storyboard */ = {
			isa = PBXVariantGroup;
			children = (
				359C5A5B205D792B00652D2A /* Base */,
			);
			name = LaunchScreen.storyboard;
			sourceTree = "<group>";
		};
/* End PBXVariantGroup section */

/* Begin XCBuildConfiguration section */
		359C5A60205D792B00652D2A /* Debug */ = {
			isa = XCBuildConfiguration;
			buildSettings = {
				ALWAYS_SEARCH_USER_PATHS = NO;
				CLANG_ANALYZER_NONNULL = YES;
				CLANG_ANALYZER_NUMBER_OBJECT_CONVERSION = YES_AGGRESSIVE;
				CLANG_CXX_LANGUAGE_STANDARD = "gnu++14";
				CLANG_CXX_LIBRARY = "libc++";
				CLANG_ENABLE_MODULES = YES;
				CLANG_ENABLE_OBJC_ARC = YES;
				CLANG_WARN_BLOCK_CAPTURE_AUTORELEASING = YES;
				CLANG_WARN_BOOL_CONVERSION = YES;
				CLANG_WARN_COMMA = YES;
				CLANG_WARN_CONSTANT_CONVERSION = YES;
				CLANG_WARN_DIRECT_OBJC_ISA_USAGE = YES_ERROR;
				CLANG_WARN_DOCUMENTATION_COMMENTS = YES;
				CLANG_WARN_EMPTY_BODY = YES;
				CLANG_WARN_ENUM_CONVERSION = YES;
				CLANG_WARN_INFINITE_RECURSION = YES;
				CLANG_WARN_INT_CONVERSION = YES;
				CLANG_WARN_NON_LITERAL_NULL_CONVERSION = YES;
				CLANG_WARN_OBJC_LITERAL_CONVERSION = YES;
				CLANG_WARN_OBJC_ROOT_CLASS = YES_ERROR;
				CLANG_WARN_RANGE_LOOP_ANALYSIS = YES;
				CLANG_WARN_STRICT_PROTOTYPES = YES;
				CLANG_WARN_SUSPICIOUS_MOVE = YES;
				CLANG_WARN_UNGUARDED_AVAILABILITY = YES_AGGRESSIVE;
				CLANG_WARN_UNREACHABLE_CODE = YES;
				CLANG_WARN__DUPLICATE_METHOD_MATCH = YES;
				CODE_SIGN_IDENTITY = "iPhone Developer";
				COPY_PHASE_STRIP = NO;
				DEBUG_INFORMATION_FORMAT = dwarf;
				ENABLE_STRICT_OBJC_MSGSEND = YES;
				ENABLE_TESTABILITY = YES;
				GCC_C_LANGUAGE_STANDARD = gnu11;
				GCC_DYNAMIC_NO_PIC = NO;
				GCC_NO_COMMON_BLOCKS = YES;
				GCC_OPTIMIZATION_LEVEL = 0;
				GCC_PREPROCESSOR_DEFINITIONS = (
					"DEBUG=1",
					"$(inherited)",
				);
				GCC_WARN_64_TO_32_BIT_CONVERSION = YES;
				GCC_WARN_ABOUT_RETURN_TYPE = YES_ERROR;
				GCC_WARN_UNDECLARED_SELECTOR = YES;
				GCC_WARN_UNINITIALIZED_AUTOS = YES_AGGRESSIVE;
				GCC_WARN_UNUSED_FUNCTION = YES;
				GCC_WARN_UNUSED_VARIABLE = YES;
				IPHONEOS_DEPLOYMENT_TARGET = 11.2;
				MTL_ENABLE_DEBUG_INFO = YES;
				ONLY_ACTIVE_ARCH = YES;
				SDKROOT = iphoneos;
			};
			name = Debug;
		};
		359C5A61205D792B00652D2A /* Release */ = {
			isa = XCBuildConfiguration;
			buildSettings = {
				ALWAYS_SEARCH_USER_PATHS = NO;
				CLANG_ANALYZER_NONNULL = YES;
				CLANG_ANALYZER_NUMBER_OBJECT_CONVERSION = YES_AGGRESSIVE;
				CLANG_CXX_LANGUAGE_STANDARD = "gnu++14";
				CLANG_CXX_LIBRARY = "libc++";
				CLANG_ENABLE_MODULES = YES;
				CLANG_ENABLE_OBJC_ARC = YES;
				CLANG_WARN_BLOCK_CAPTURE_AUTORELEASING = YES;
				CLANG_WARN_BOOL_CONVERSION = YES;
				CLANG_WARN_COMMA = YES;
				CLANG_WARN_CONSTANT_CONVERSION = YES;
				CLANG_WARN_DIRECT_OBJC_ISA_USAGE = YES_ERROR;
				CLANG_WARN_DOCUMENTATION_COMMENTS = YES;
				CLANG_WARN_EMPTY_BODY = YES;
				CLANG_WARN_ENUM_CONVERSION = YES;
				CLANG_WARN_INFINITE_RECURSION = YES;
				CLANG_WARN_INT_CONVERSION = YES;
				CLANG_WARN_NON_LITERAL_NULL_CONVERSION = YES;
				CLANG_WARN_OBJC_LITERAL_CONVERSION = YES;
				CLANG_WARN_OBJC_ROOT_CLASS = YES_ERROR;
				CLANG_WARN_RANGE_LOOP_ANALYSIS = YES;
				CLANG_WARN_STRICT_PROTOTYPES = YES;
				CLANG_WARN_SUSPICIOUS_MOVE = YES;
				CLANG_WARN_UNGUARDED_AVAILABILITY = YES_AGGRESSIVE;
				CLANG_WARN_UNREACHABLE_CODE = YES;
				CLANG_WARN__DUPLICATE_METHOD_MATCH = YES;
				CODE_SIGN_IDENTITY = "iPhone Developer";
				COPY_PHASE_STRIP = NO;
				DEBUG_INFORMATION_FORMAT = "dwarf-with-dsym";
				ENABLE_NS_ASSERTIONS = NO;
				ENABLE_STRICT_OBJC_MSGSEND = YES;
				GCC_C_LANGUAGE_STANDARD = gnu11;
				GCC_NO_COMMON_BLOCKS = YES;
				GCC_WARN_64_TO_32_BIT_CONVERSION = YES;
				GCC_WARN_ABOUT_RETURN_TYPE = YES_ERROR;
				GCC_WARN_UNDECLARED_SELECTOR = YES;
				GCC_WARN_UNINITIALIZED_AUTOS = YES_AGGRESSIVE;
				GCC_WARN_UNUSED_FUNCTION = YES;
				GCC_WARN_UNUSED_VARIABLE = YES;
				IPHONEOS_DEPLOYMENT_TARGET = 11.2;
				MTL_ENABLE_DEBUG_INFO = NO;
				SDKROOT = iphoneos;
				VALIDATE_PRODUCT = YES;
			};
			name = Release;
		};
		359C5A63205D792B00652D2A /* Debug */ = {
			isa = XCBuildConfiguration;
			buildSettings = {
				ASSETCATALOG_COMPILER_APPICON_NAME = AppIcon;
				CODE_SIGN_STYLE = Automatic;
				INFOPLIST_FILE = SimpleGameEngine/Info.plist;
				LD_RUNPATH_SEARCH_PATHS = "$(inherited) @executable_path/Frameworks";
				PRODUCT_BUNDLE_IDENTIFIER = com.naonao2dx.SimpleGameEngine;
				PRODUCT_NAME = "$(TARGET_NAME)";
				TARGETED_DEVICE_FAMILY = "1,2";
			};
			name = Debug;
		};
		359C5A64205D792B00652D2A /* Release */ = {
			isa = XCBuildConfiguration;
			buildSettings = {
				ASSETCATALOG_COMPILER_APPICON_NAME = AppIcon;
				CODE_SIGN_STYLE = Automatic;
				INFOPLIST_FILE = SimpleGameEngine/Info.plist;
				LD_RUNPATH_SEARCH_PATHS = "$(inherited) @executable_path/Frameworks";
				PRODUCT_BUNDLE_IDENTIFIER = com.naonao2dx.SimpleGameEngine;
				PRODUCT_NAME = "$(TARGET_NAME)";
				TARGETED_DEVICE_FAMILY = "1,2";
			};
			name = Release;
		};
/* End XCBuildConfiguration section */

/* Begin XCConfigurationList section */
		359C5A47205D792B00652D2A /* Build configuration list for PBXProject "SimpleGameEngine" */ = {
			isa = XCConfigurationList;
			buildConfigurations = (
				359C5A60205D792B00652D2A /* Debug */,
				359C5A61205D792B00652D2A /* Release */,
			);
			defaultConfigurationIsVisible = 0;
			defaultConfigurationName = Release;
		};
		359C5A62205D792B00652D2A /* Build configuration list for PBXNativeTarget "SimpleGameEngine" */ = {
			isa = XCConfigurationList;
			buildConfigurations = (
				359C5A63205D792B00652D2A /* Debug */,
				359C5A64205D792B00652D2A /* Release */,
			);
			defaultConfigurationIsVisible = 0;
			defaultConfigurationName = Release;
		};
/* End XCConfigurationList section */
	};
	rootObject = 359C5A44205D792B00652D2A /* Project object */;
}
